
Microsoft Visual Studio Solution File, Format Version 12.00
# Visual Studio Version 16
Project("{8BC9CEB8-8B4A-11D0-8D11-00A0C91BC942}") = "Platformer", "Platformer\Platformer.vcxproj", "{2147D7F9-0DFF-1847-7606-F2A262DDB337}"
EndProject
Project("{8BC9CEB8-8B4A-11D0-8D11-00A0C91BC942}") = "Game", "Game\Game.vcxproj", "{7FA9857C-6BE0-860D-14CD-6C1000E3020F}"
EndProject
Project("{8BC9CEB8-8B4A-11D0-8D11-00A0C91BC942}") = "Imgui", "VilagOS\vendor\Imgui\Imgui.vcxproj", "{E087650D-4C9C-8DBE-151E-311E81F189EF}"
EndProject
Project("{8BC9CEB8-8B4A-11D0-8D11-00A0C91BC942}") = "VilagOS", "VilagOS\VilagOS.vcxproj", "{1AF896DC-86D7-1578-8FEF-A04EFB4D7CD9}"
EndProject
Global
	GlobalSection(SolutionConfigurationPlatforms) = preSolution
		Debug|x64 = Debug|x64
		Dist|x64 = Dist|x64
		Release|x64 = Release|x64
	EndGlobalSection
	GlobalSection(ProjectConfigurationPlatforms) = postSolution
		{7FA9857C-6BE0-860D-14CD-6C1000E3020F}.Debug|x64.ActiveCfg = Debug|x64
		{7FA9857C-6BE0-860D-14CD-6C1000E3020F}.Debug|x64.Build.0 = Debug|x64
		{7FA9857C-6BE0-860D-14CD-6C1000E3020F}.Dist|x64.ActiveCfg = Dist|x64
		{7FA9857C-6BE0-860D-14CD-6C1000E3020F}.Dist|x64.Build.0 = Dist|x64
		{7FA9857C-6BE0-860D-14CD-6C1000E3020F}.Release|x64.ActiveCfg = Release|x64
		{7FA9857C-6BE0-860D-14CD-6C1000E3020F}.Release|x64.Build.0 = Release|x64
		{E087650D-4C9C-8DBE-151E-311E81F189EF}.Debug|x64.ActiveCfg = Debug|x64
		{E087650D-4C9C-8DBE-151E-311E81F189EF}.Debug|x64.Build.0 = Debug|x64
		{E087650D-4C9C-8DBE-151E-311E81F189EF}.Dist|x64.ActiveCfg = Dist|x64
		{E087650D-4C9C-8DBE-151E-311E81F189EF}.Dist|x64.Build.0 = Dist|x64
		{E087650D-4C9C-8DBE-151E-311E81F189EF}.Release|x64.ActiveCfg = Release|x64
		{E087650D-4C9C-8DBE-151E-311E81F189EF}.Release|x64.Build.0 = Release|x64
		{2147D7F9-0DFF-1847-7606-F2A262DDB337}.Debug|x64.ActiveCfg = Debug|x64
		{2147D7F9-0DFF-1847-7606-F2A262DDB337}.Debug|x64.Build.0 = Debug|x64
		{2147D7F9-0DFF-1847-7606-F2A262DDB337}.Dist|x64.ActiveCfg = Dist|x64
		{2147D7F9-0DFF-1847-7606-F2A262DDB337}.Dist|x64.Build.0 = Dist|x64
		{2147D7F9-0DFF-1847-7606-F2A262DDB337}.Release|x64.ActiveCfg = Release|x64
		{2147D7F9-0DFF-1847-7606-F2A262DDB337}.Release|x64.Build.0 = Release|x64
		{1AF896DC-86D7-1578-8FEF-A04EFB4D7CD9}.Debug|x64.ActiveCfg = Debug|x64
		{1AF896DC-86D7-1578-8FEF-A04EFB4D7CD9}.Debug|x64.Build.0 = Debug|x64
		{1AF896DC-86D7-1578-8FEF-A04EFB4D7CD9}.Dist|x64.ActiveCfg = Dist|x64
		{1AF896DC-86D7-1578-8FEF-A04EFB4D7CD9}.Dist|x64.Build.0 = Dist|x64
		{1AF896DC-86D7-1578-8FEF-A04EFB4D7CD9}.Release|x64.ActiveCfg = Release|x64
		{1AF896DC-86D7-1578-8FEF-A04EFB4D7CD9}.Release|x64.Build.0 = Release|x64
	EndGlobalSection
	GlobalSection(SolutionProperties) = preSolution
		HideSolutionNode = FALSE
	EndGlobalSection
EndGlobal
