
Microsoft Visual Studio Solution File, Format Version 12.00
# Visual Studio Version 16
VisualStudioVersion = 16.0.31613.86
MinimumVisualStudioVersion = 10.0.40219.1
Project("{8BC9CEB8-8B4A-11D0-8D11-00A0C91BC942}") = "FirstGame", "FirstGame\FirstGame.vcxproj", "{F685F907-15E9-4661-9647-685D8CCAA5C1}"
EndProject
Project("{8BC9CEB8-8B4A-11D0-8D11-00A0C91BC942}") = "VilagOS", "VilagOS\VilagOS.vcxproj", "{267F3BFF-0B46-41A0-BD0E-D3AA2384C461}"
EndProject
Global
	GlobalSection(SolutionConfigurationPlatforms) = preSolution
		Debug|x64 = Debug|x64
		Release|x64 = Release|x64
	EndGlobalSection
	GlobalSection(ProjectConfigurationPlatforms) = postSolution
		{267F3BFF-0B46-41A0-BD0E-D3AA2384C461}.Debug|x64.ActiveCfg = Debug|x64
		{267F3BFF-0B46-41A0-BD0E-D3AA2384C461}.Debug|x64.Build.0 = Debug|x64
		{267F3BFF-0B46-41A0-BD0E-D3AA2384C461}.Release|x64.ActiveCfg = Release|x64
		{267F3BFF-0B46-41A0-BD0E-D3AA2384C461}.Release|x64.Build.0 = Release|x64
		{F685F907-15E9-4661-9647-685D8CCAA5C1}.Debug|x64.ActiveCfg = Debug|x64
		{F685F907-15E9-4661-9647-685D8CCAA5C1}.Debug|x64.Build.0 = Debug|x64
		{F685F907-15E9-4661-9647-685D8CCAA5C1}.Release|x64.ActiveCfg = Release|x64
		{F685F907-15E9-4661-9647-685D8CCAA5C1}.Release|x64.Build.0 = Release|x64
	EndGlobalSection
	GlobalSection(SolutionProperties) = preSolution
		HideSolutionNode = FALSE
	EndGlobalSection
	GlobalSection(ExtensibilityGlobals) = postSolution
		SolutionGuid = {24F9E5C6-C016-4B47-80E9-B823EB444744}
	EndGlobalSection
EndGlobal
