<?xml version="1.0" encoding="utf-8"?>
<Project ToolsVersion="4.0" xmlns="http://schemas.microsoft.com/developer/msbuild/2003">
  <ItemGroup>
    <Filter Include="VilagOS">
      <UniqueIdentifier>{1AF896DC-86D7-1578-8FEF-A04EFB4D7CD9}</UniqueIdentifier>
    </Filter>
    <Filter Include="VilagOS\Events">
      <UniqueIdentifier>{BE4235A8-AA10-29AE-93A4-99D47F110513}</UniqueIdentifier>
    </Filter>
    <Filter Include="VilagOS\Imgui">
      <UniqueIdentifier>{E4206424-50E1-DF5A-191C-29D8859B2437}</UniqueIdentifier>
    </Filter>
    <Filter Include="VilagOS\Renderer">
      <UniqueIdentifier>{00F98B81-ECF1-AAD3-1524-9058017C8ADF}</UniqueIdentifier>
    </Filter>
    <Filter Include="VilagOS\Window">
      <UniqueIdentifier>{C1A34BD1-AD71-3FD7-9605-B0FD82721B3C}</UniqueIdentifier>
    </Filter>
  </ItemGroup>
  <ItemGroup>
    <ClInclude Include="src\VilagOS.h" />
    <ClInclude Include="src\VilagOS\Application.h">
      <Filter>VilagOS</Filter>
    </ClInclude>
    <ClInclude Include="src\VilagOS\Core.h">
      <Filter>VilagOS</Filter>
    </ClInclude>
    <ClInclude Include="src\VilagOS\EntryPoint.h">
      <Filter>VilagOS</Filter>
    </ClInclude>
    <ClInclude Include="src\VilagOS\Events\ApplicationEvent.h">
      <Filter>VilagOS\Events</Filter>
    </ClInclude>
    <ClInclude Include="src\VilagOS\Events\Event.h">
      <Filter>VilagOS\Events</Filter>
    </ClInclude>
    <ClInclude Include="src\VilagOS\Events\KeyboardEvent.h">
      <Filter>VilagOS\Events</Filter>
    </ClInclude>
    <ClInclude Include="src\VilagOS\Events\MouseEvent.h">
      <Filter>VilagOS\Events</Filter>
    </ClInclude>
    <ClInclude Include="src\VilagOS\Imgui\ImguiLayer.h">
      <Filter>VilagOS\Imgui</Filter>
    </ClInclude>
    <ClInclude Include="src\VilagOS\Input.h">
      <Filter>VilagOS</Filter>
    </ClInclude>
    <ClInclude Include="src\VilagOS\KeyCodes.h">
      <Filter>VilagOS</Filter>
    </ClInclude>
    <ClInclude Include="src\VilagOS\Layer.h">
      <Filter>VilagOS</Filter>
    </ClInclude>
    <ClInclude Include="src\VilagOS\LayerStack.h">
      <Filter>VilagOS</Filter>
    </ClInclude>
    <ClInclude Include="src\VilagOS\Log.h">
      <Filter>VilagOS</Filter>
    </ClInclude>
    <ClInclude Include="src\VilagOS\MouseButtonCodes.h">
      <Filter>VilagOS</Filter>
    </ClInclude>
    <ClInclude Include="src\VilagOS\Renderer\Buffer.h">
      <Filter>VilagOS\Renderer</Filter>
    </ClInclude>
    <ClInclude Include="src\VilagOS\Renderer\OrthographicCamera.h">
      <Filter>VilagOS\Renderer</Filter>
    </ClInclude>
    <ClInclude Include="src\VilagOS\Renderer\RenderCommand.h">
      <Filter>VilagOS\Renderer</Filter>
    </ClInclude>
    <ClInclude Include="src\VilagOS\Renderer\Renderer.h">
      <Filter>VilagOS\Renderer</Filter>
    </ClInclude>
    <ClInclude Include="src\VilagOS\Renderer\Shader.h">
      <Filter>VilagOS\Renderer</Filter>
    </ClInclude>
    <ClInclude Include="src\VilagOS\Renderer\VertexArray.h">
      <Filter>VilagOS\Renderer</Filter>
    </ClInclude>
    <ClInclude Include="src\VilagOS\Window\Window.h">
      <Filter>VilagOS\Window</Filter>
    </ClInclude>
    <ClInclude Include="src\VilagOS\Window\WindowMaster.h">
      <Filter>VilagOS\Window</Filter>
    </ClInclude>
    <ClInclude Include="src\VilagOS\Window\WindowMasterInput.h">
      <Filter>VilagOS\Window</Filter>
    </ClInclude>
    <ClInclude Include="src\vospch.h" />
  </ItemGroup>
  <ItemGroup>
    <ClCompile Include="src\VilagOS\Application.cpp">
      <Filter>VilagOS</Filter>
    </ClCompile>
    <ClCompile Include="src\VilagOS\Imgui\ImGuiBuild.cpp">
      <Filter>VilagOS\Imgui</Filter>
    </ClCompile>
    <ClCompile Include="src\VilagOS\Imgui\ImguiLayer.cpp">
      <Filter>VilagOS\Imgui</Filter>
    </ClCompile>
    <ClCompile Include="src\VilagOS\Layer.cpp">
      <Filter>VilagOS</Filter>
    </ClCompile>
    <ClCompile Include="src\VilagOS\LayerStack.cpp">
      <Filter>VilagOS</Filter>
    </ClCompile>
    <ClCompile Include="src\VilagOS\Log.cpp">
      <Filter>VilagOS</Filter>
    </ClCompile>
    <ClCompile Include="src\VilagOS\Renderer\Buffer.cpp">
      <Filter>VilagOS\Renderer</Filter>
    </ClCompile>
    <ClCompile Include="src\VilagOS\Renderer\OrthographicCamera.cpp">
      <Filter>VilagOS\Renderer</Filter>
    </ClCompile>
    <ClCompile Include="src\VilagOS\Renderer\RenderCommand.cpp">
      <Filter>VilagOS\Renderer</Filter>
    </ClCompile>
    <ClCompile Include="src\VilagOS\Renderer\Renderer.cpp">
      <Filter>VilagOS\Renderer</Filter>
    </ClCompile>
    <ClCompile Include="src\VilagOS\Renderer\Shader.cpp">
      <Filter>VilagOS\Renderer</Filter>
    </ClCompile>
    <ClCompile Include="src\VilagOS\Renderer\VertexArray.cpp">
      <Filter>VilagOS\Renderer</Filter>
    </ClCompile>
    <ClCompile Include="src\VilagOS\Window\Window.cpp">
      <Filter>VilagOS\Window</Filter>
    </ClCompile>
    <ClCompile Include="src\VilagOS\Window\WindowMasterInput.cpp">
      <Filter>VilagOS\Window</Filter>
    </ClCompile>
    <ClCompile Include="src\vospch.cpp" />
  </ItemGroup>
</Project>