<?xml version="1.0" encoding="utf-8"?>
<Project ToolsVersion="4.0" xmlns="http://schemas.microsoft.com/developer/msbuild/2003">
  <ItemGroup>
    <Filter Include="src">
      <UniqueIdentifier>{2DAB880B-99B4-887C-2230-9F7C8E38947C}</UniqueIdentifier>
    </Filter>
    <Filter Include="src\VilagOS">
      <UniqueIdentifier>{31F8D0E5-9DAD-49DB-26A2-43B2925640DF}</UniqueIdentifier>
    </Filter>
    <Filter Include="src\VilagOS\Core">
      <UniqueIdentifier>{29E3F1FC-15DC-104F-3E0E-F6D32A66F05A}</UniqueIdentifier>
    </Filter>
    <Filter Include="src\VilagOS\Events">
      <UniqueIdentifier>{F5621906-E146-DA5B-4AA7-D4AE36AAC4DD}</UniqueIdentifier>
    </Filter>
    <Filter Include="src\VilagOS\Imgui">
      <UniqueIdentifier>{3B96999B-A7AC-9731-F023-23535C7968B9}</UniqueIdentifier>
    </Filter>
    <Filter Include="src\VilagOS\Renderer">
      <UniqueIdentifier>{F702F9E8-E391-82B2-8CB0-96AD781E9358}</UniqueIdentifier>
    </Filter>
    <Filter Include="src\VilagOS\Window">
      <UniqueIdentifier>{F8C32F2F-E4A7-F084-4D08-EBD7390BDB06}</UniqueIdentifier>
    </Filter>
    <Filter Include="vendor">
      <UniqueIdentifier>{B3738122-9F15-ACF8-88D0-BF4C74113349}</UniqueIdentifier>
    </Filter>
    <Filter Include="vendor\stb">
      <UniqueIdentifier>{8BD3C5A8-778B-07F6-E092-E051CC69A2E6}</UniqueIdentifier>
    </Filter>
  </ItemGroup>
  <ItemGroup>
    <ClInclude Include="src\VilagOS.h">
      <Filter>src</Filter>
    </ClInclude>
    <ClInclude Include="src\VilagOS\Core\Application.h">
      <Filter>src\VilagOS\Core</Filter>
    </ClInclude>
    <ClInclude Include="src\VilagOS\Core\Core.h">
      <Filter>src\VilagOS\Core</Filter>
    </ClInclude>
    <ClInclude Include="src\VilagOS\Core\DeltaTime.h">
      <Filter>src\VilagOS\Core</Filter>
    </ClInclude>
    <ClInclude Include="src\VilagOS\Core\EntryPoint.h">
      <Filter>src\VilagOS\Core</Filter>
    </ClInclude>
    <ClInclude Include="src\VilagOS\Core\Input.h">
      <Filter>src\VilagOS\Core</Filter>
    </ClInclude>
    <ClInclude Include="src\VilagOS\Core\KeyCodes.h">
      <Filter>src\VilagOS\Core</Filter>
    </ClInclude>
    <ClInclude Include="src\VilagOS\Core\Layer.h">
      <Filter>src\VilagOS\Core</Filter>
    </ClInclude>
    <ClInclude Include="src\VilagOS\Core\LayerStack.h">
      <Filter>src\VilagOS\Core</Filter>
    </ClInclude>
    <ClInclude Include="src\VilagOS\Core\Log.h">
      <Filter>src\VilagOS\Core</Filter>
    </ClInclude>
    <ClInclude Include="src\VilagOS\Core\MouseButtonCodes.h">
      <Filter>src\VilagOS\Core</Filter>
    </ClInclude>
    <ClInclude Include="src\VilagOS\Events\ApplicationEvent.h">
      <Filter>src\VilagOS\Events</Filter>
    </ClInclude>
    <ClInclude Include="src\VilagOS\Events\Event.h">
      <Filter>src\VilagOS\Events</Filter>
    </ClInclude>
    <ClInclude Include="src\VilagOS\Events\KeyboardEvent.h">
      <Filter>src\VilagOS\Events</Filter>
    </ClInclude>
    <ClInclude Include="src\VilagOS\Events\MouseEvent.h">
      <Filter>src\VilagOS\Events</Filter>
    </ClInclude>
    <ClInclude Include="src\VilagOS\Imgui\ImguiLayer.h">
      <Filter>src\VilagOS\Imgui</Filter>
    </ClInclude>
    <ClInclude Include="src\VilagOS\Renderer\Buffer.h">
      <Filter>src\VilagOS\Renderer</Filter>
    </ClInclude>
    <ClInclude Include="src\VilagOS\Renderer\OrthographicCamera.h">
      <Filter>src\VilagOS\Renderer</Filter>
    </ClInclude>
    <ClInclude Include="src\VilagOS\Renderer\OrthographicCameraController.h">
      <Filter>src\VilagOS\Renderer</Filter>
    </ClInclude>
    <ClInclude Include="src\VilagOS\Renderer\RenderCommand.h">
      <Filter>src\VilagOS\Renderer</Filter>
    </ClInclude>
    <ClInclude Include="src\VilagOS\Renderer\Renderer.h">
      <Filter>src\VilagOS\Renderer</Filter>
    </ClInclude>
    <ClInclude Include="src\VilagOS\Renderer\Shader.h">
      <Filter>src\VilagOS\Renderer</Filter>
    </ClInclude>
    <ClInclude Include="src\VilagOS\Renderer\Texture.h">
      <Filter>src\VilagOS\Renderer</Filter>
    </ClInclude>
    <ClInclude Include="src\VilagOS\Renderer\VertexArray.h">
      <Filter>src\VilagOS\Renderer</Filter>
    </ClInclude>
    <ClInclude Include="src\VilagOS\Window\Window.h">
      <Filter>src\VilagOS\Window</Filter>
    </ClInclude>
    <ClInclude Include="src\VilagOS\Window\WindowMaster.h">
      <Filter>src\VilagOS\Window</Filter>
    </ClInclude>
    <ClInclude Include="src\VilagOS\Window\WindowMasterInput.h">
      <Filter>src\VilagOS\Window</Filter>
    </ClInclude>
    <ClInclude Include="src\vospch.h">
      <Filter>src</Filter>
    </ClInclude>
    <ClInclude Include="vendor\stb\stb_image.h">
      <Filter>vendor\stb</Filter>
    </ClInclude>
  </ItemGroup>
  <ItemGroup>
    <ClCompile Include="src\VilagOS\Core\Application.cpp">
      <Filter>src\VilagOS\Core</Filter>
    </ClCompile>
    <ClCompile Include="src\VilagOS\Core\Layer.cpp">
      <Filter>src\VilagOS\Core</Filter>
    </ClCompile>
    <ClCompile Include="src\VilagOS\Core\LayerStack.cpp">
      <Filter>src\VilagOS\Core</Filter>
    </ClCompile>
    <ClCompile Include="src\VilagOS\Core\Log.cpp">
      <Filter>src\VilagOS\Core</Filter>
    </ClCompile>
    <ClCompile Include="src\VilagOS\Imgui\ImGuiBuild.cpp">
      <Filter>src\VilagOS\Imgui</Filter>
    </ClCompile>
    <ClCompile Include="src\VilagOS\Imgui\ImguiLayer.cpp">
      <Filter>src\VilagOS\Imgui</Filter>
    </ClCompile>
    <ClCompile Include="src\VilagOS\Renderer\Buffer.cpp">
      <Filter>src\VilagOS\Renderer</Filter>
    </ClCompile>
    <ClCompile Include="src\VilagOS\Renderer\OrthographicCamera.cpp">
      <Filter>src\VilagOS\Renderer</Filter>
    </ClCompile>
    <ClCompile Include="src\VilagOS\Renderer\OrthographicCameraController.cpp">
      <Filter>src\VilagOS\Renderer</Filter>
    </ClCompile>
    <ClCompile Include="src\VilagOS\Renderer\RenderCommand.cpp">
      <Filter>src\VilagOS\Renderer</Filter>
    </ClCompile>
    <ClCompile Include="src\VilagOS\Renderer\Renderer.cpp">
      <Filter>src\VilagOS\Renderer</Filter>
    </ClCompile>
    <ClCompile Include="src\VilagOS\Renderer\Shader.cpp">
      <Filter>src\VilagOS\Renderer</Filter>
    </ClCompile>
    <ClCompile Include="src\VilagOS\Renderer\Texture.cpp">
      <Filter>src\VilagOS\Renderer</Filter>
    </ClCompile>
    <ClCompile Include="src\VilagOS\Renderer\VertexArray.cpp">
      <Filter>src\VilagOS\Renderer</Filter>
    </ClCompile>
    <ClCompile Include="src\VilagOS\Window\Window.cpp">
      <Filter>src\VilagOS\Window</Filter>
    </ClCompile>
    <ClCompile Include="src\VilagOS\Window\WindowMasterInput.cpp">
      <Filter>src\VilagOS\Window</Filter>
    </ClCompile>
    <ClCompile Include="src\vospch.cpp">
      <Filter>src</Filter>
    </ClCompile>
    <ClCompile Include="vendor\stb\stb_image.cpp">
      <Filter>vendor\stb</Filter>
    </ClCompile>
  </ItemGroup>
</Project>